// !$*UTF8*$!
{
	archiveVersion = 1;
	classes = {
	};
	objectVersion = 46;
	objects = {

/* Begin PBXBuildFile section */
		FB258EEB1B69BDF500A75594 /* main.m in Sources */ = {isa = PBXBuildFile; fileRef = FB258EEA1B69BDF500A75594 /* main.m */; };
		FB258EEE1B69BDF500A75594 /* AppDelegate.m in Sources */ = {isa = PBXBuildFile; fileRef = FB258EED1B69BDF500A75594 /* AppDelegate.m */; };
		FB258EF11B69BDF500A75594 /* ViewController.m in Sources */ = {isa = PBXBuildFile; fileRef = FB258EF01B69BDF500A75594 /* ViewController.m */; };
		FB258EF41B69BDF500A75594 /* Main.storyboard in Resources */ = {isa = PBXBuildFile; fileRef = FB258EF21B69BDF500A75594 /* Main.storyboard */; };
		FB258EF61B69BDF500A75594 /* Images.xcassets in Resources */ = {isa = PBXBuildFile; fileRef = FB258EF51B69BDF500A75594 /* Images.xcassets */; };
		FB258EF91B69BDF500A75594 /* LaunchScreen.xib in Resources */ = {isa = PBXBuildFile; fileRef = FB258EF71B69BDF500A75594 /* LaunchScreen.xib */; };
		FB258F051B69BDF600A75594 /* RateViewTests.m in Sources */ = {isa = PBXBuildFile; fileRef = FB258F041B69BDF600A75594 /* RateViewTests.m */; };
/* End PBXBuildFile section */

/* Begin PBXContainerItemProxy section */
		FB258EFF1B69BDF600A75594 /* PBXContainerItemProxy */ = {
			isa = PBXContainerItemProxy;
			containerPortal = FB258EDD1B69BDF500A75594 /* Project object */;
			proxyType = 1;
			remoteGlobalIDString = FB258EE41B69BDF500A75594;
			remoteInfo = RateView;
		};
/* End PBXContainerItemProxy section */

/* Begin PBXFileReference section */
		FB258EE51B69BDF500A75594 /* RateView.app */ = {isa = PBXFileReference; explicitFileType = wrapper.application; includeInIndex = 0; path = RateView.app; sourceTree = BUILT_PRODUCTS_DIR; };
		FB258EE91B69BDF500A75594 /* Info.plist */ = {isa = PBXFileReference; lastKnownFileType = text.plist.xml; path = Info.plist; sourceTree = "<group>"; };
		FB258EEA1B69BDF500A75594 /* main.m */ = {isa = PBXFileReference; lastKnownFileType = sourcecode.c.objc; path = main.m; sourceTree = "<group>"; };
		FB258EEC1B69BDF500A75594 /* AppDelegate.h */ = {isa = PBXFileReference; lastKnownFileType = sourcecode.c.h; path = AppDelegate.h; sourceTree = "<group>"; };
		FB258EED1B69BDF500A75594 /* AppDelegate.m */ = {isa = PBXFileReference; lastKnownFileType = sourcecode.c.objc; path = AppDelegate.m; sourceTree = "<group>"; };
		FB258EEF1B69BDF500A75594 /* ViewController.h */ = {isa = PBXFileReference; lastKnownFileType = sourcecode.c.h; path = ViewController.h; sourceTree = "<group>"; };
		FB258EF01B69BDF500A75594 /* ViewController.m */ = {isa = PBXFileReference; lastKnownFileType = sourcecode.c.objc; path = ViewController.m; sourceTree = "<group>"; };
		FB258EF31B69BDF500A75594 /* Base */ = {isa = PBXFileReference; lastKnownFileType = file.storyboard; name = Base; path = Base.lproj/Main.storyboard; sourceTree = "<group>"; };
		FB258EF51B69BDF500A75594 /* Images.xcassets */ = {isa = PBXFileReference; lastKnownFileType = folder.assetcatalog; path = Images.xcassets; sourceTree = "<group>"; };
		FB258EF81B69BDF500A75594 /* Base */ = {isa = PBXFileReference; lastKnownFileType = file.xib; name = Base; path = Base.lproj/LaunchScreen.xib; sourceTree = "<group>"; };
		FB258EFE1B69BDF600A75594 /* RateViewTests.xctest */ = {isa = PBXFileReference; explicitFileType = wrapper.cfbundle; includeInIndex = 0; path = RateViewTests.xctest; sourceTree = BUILT_PRODUCTS_DIR; };
		FB258F031B69BDF600A75594 /* Info.plist */ = {isa = PBXFileReference; lastKnownFileType = text.plist.xml; path = Info.plist; sourceTree = "<group>"; };
		FB258F041B69BDF600A75594 /* RateViewTests.m */ = {isa = PBXFileReference; lastKnownFileType = sourcecode.c.objc; path = RateViewTests.m; sourceTree = "<group>"; };
/* End PBXFileReference section */

/* Begin PBXFrameworksBuildPhase section */
		FB258EE21B69BDF500A75594 /* Frameworks */ = {
			isa = PBXFrameworksBuildPhase;
			buildActionMask = 2147483647;
			files = (
			);
			runOnlyForDeploymentPostprocessing = 0;
		};
		FB258EFB1B69BDF600A75594 /* Frameworks */ = {
			isa = PBXFrameworksBuildPhase;
			buildActionMask = 2147483647;
			files = (
			);
			runOnlyForDeploymentPostprocessing = 0;
		};
/* End PBXFrameworksBuildPhase section */

/* Begin PBXGroup section */
		FB258EDC1B69BDF500A75594 = {
			isa = PBXGroup;
			children = (
				FB258EE71B69BDF500A75594 /* RateView */,
				FB258F011B69BDF600A75594 /* RateViewTests */,
				FB258EE61B69BDF500A75594 /* Products */,
			);
			sourceTree = "<group>";
		};
		FB258EE61B69BDF500A75594 /* Products */ = {
			isa = PBXGroup;
			children = (
				FB258EE51B69BDF500A75594 /* RateView.app */,
				FB258EFE1B69BDF600A75594 /* RateViewTests.xctest */,
			);
			name = Products;
			sourceTree = "<group>";
		};
		FB258EE71B69BDF500A75594 /* RateView */ = {
			isa = PBXGroup;
			children = (
				FB258EEC1B69BDF500A75594 /* AppDelegate.h */,
				FB258EED1B69BDF500A75594 /* AppDelegate.m */,
				FB258EEF1B69BDF500A75594 /* ViewController.h */,
				FB258EF01B69BDF500A75594 /* ViewController.m */,
				FB258EF21B69BDF500A75594 /* Main.storyboard */,
				FB258EF51B69BDF500A75594 /* Images.xcassets */,
				FB258EF71B69BDF500A75594 /* LaunchScreen.xib */,
				FB258EE81B69BDF500A75594 /* Supporting Files */,
			);
			path = RateView;
			sourceTree = "<group>";
		};
		FB258EE81B69BDF500A75594 /* Supporting Files */ = {
			isa = PBXGroup;
			children = (
				FB258EE91B69BDF500A75594 /* Info.plist */,
				FB258EEA1B69BDF500A75594 /* main.m */,
			);
			name = "Supporting Files";
			sourceTree = "<group>";
		};
		FB258F011B69BDF600A75594 /* RateViewTests */ = {
			isa = PBXGroup;
			children = (
				FB258F041B69BDF600A75594 /* RateViewTests.m */,
				FB258F021B69BDF600A75594 /* Supporting Files */,
			);
			path = RateViewTests;
			sourceTree = "<group>";
		};
		FB258F021B69BDF600A75594 /* Supporting Files */ = {
			isa = PBXGroup;
			children = (
				FB258F031B69BDF600A75594 /* Info.plist */,
			);
			name = "Supporting Files";
			sourceTree = "<group>";
		};
/* End PBXGroup section */

/* Begin PBXNativeTarget section */
		FB258EE41B69BDF500A75594 /* RateView */ = {
			isa = PBXNativeTarget;
			buildConfigurationList = FB258F081B69BDF600A75594 /* Build configuration list for PBXNativeTarget "RateView" */;
			buildPhases = (
				FB258EE11B69BDF500A75594 /* Sources */,
				FB258EE21B69BDF500A75594 /* Frameworks */,
				FB258EE31B69BDF500A75594 /* Resources */,
			);
			buildRules = (
			);
			dependencies = (
			);
			name = RateView;
			productName = RateView;
			productReference = FB258EE51B69BDF500A75594 /* RateView.app */;
			productType = "com.apple.product-type.application";
		};
		FB258EFD1B69BDF600A75594 /* RateViewTests */ = {
			isa = PBXNativeTarget;
			buildConfigurationList = FB258F0B1B69BDF600A75594 /* Build configuration list for PBXNativeTarget "RateViewTests" */;
			buildPhases = (
				FB258EFA1B69BDF600A75594 /* Sources */,
				FB258EFB1B69BDF600A75594 /* Frameworks */,
				FB258EFC1B69BDF600A75594 /* Resources */,
			);
			buildRules = (
			);
			dependencies = (
				FB258F001B69BDF600A75594 /* PBXTargetDependency */,
			);
			name = RateViewTests;
			productName = RateViewTests;
			productReference = FB258EFE1B69BDF600A75594 /* RateViewTests.xctest */;
			productType = "com.apple.product-type.bundle.unit-test";
		};
/* End PBXNativeTarget section */

/* Begin PBXProject section */
		FB258EDD1B69BDF500A75594 /* Project object */ = {
			isa = PBXProject;
			attributes = {
				LastUpgradeCheck = 0640;
				ORGANIZATIONNAME = "Che Yuxin";
				TargetAttributes = {
					FB258EE41B69BDF500A75594 = {
						CreatedOnToolsVersion = 6.4;
					};
					FB258EFD1B69BDF600A75594 = {
						CreatedOnToolsVersion = 6.4;
						TestTargetID = FB258EE41B69BDF500A75594;
					};
				};
			};
			buildConfigurationList = FB258EE01B69BDF500A75594 /* Build configuration list for PBXProject "RateView" */;
			compatibilityVersion = "Xcode 3.2";
			developmentRegion = English;
			hasScannedForEncodings = 0;
			knownRegions = (
				en,
				Base,
			);
			mainGroup = FB258EDC1B69BDF500A75594;
			productRefGroup = FB258EE61B69BDF500A75594 /* Products */;
			projectDirPath = "";
			projectRoot = "";
			targets = (
				FB258EE41B69BDF500A75594 /* RateView */,
				FB258EFD1B69BDF600A75594 /* RateViewTests */,
			);
		};
/* End PBXProject section */

/* Begin PBXResourcesBuildPhase section */
		FB258EE31B69BDF500A75594 /* Resources */ = {
			isa = PBXResourcesBuildPhase;
			buildActionMask = 2147483647;
			files = (
				FB258EF41B69BDF500A75594 /* Main.storyboard in Resources */,
				FB258EF91B69BDF500A75594 /* LaunchScreen.xib in Resources */,
				FB258EF61B69BDF500A75594 /* Images.xcassets in Resources */,
			);
			runOnlyForDeploymentPostprocessing = 0;
		};
		FB258EFC1B69BDF600A75594 /* Resources */ = {
			isa = PBXResourcesBuildPhase;
			buildActionMask = 2147483647;
			files = (
			);
			runOnlyForDeploymentPostprocessing = 0;
		};
/* End PBXResourcesBuildPhase section */

/* Begin PBXSourcesBuildPhase section */
		FB258EE11B69BDF500A75594 /* Sources */ = {
			isa = PBXSourcesBuildPhase;
			buildActionMask = 2147483647;
			files = (
				FB258EF11B69BDF500A75594 /* ViewController.m in Sources */,
				FB258EEE1B69BDF500A75594 /* AppDelegate.m in Sources */,
				FB258EEB1B69BDF500A75594 /* main.m in Sources */,
			);
			runOnlyForDeploymentPostprocessing = 0;
		};
		FB258EFA1B69BDF600A75594 /* Sources */ = {
			isa = PBXSourcesBuildPhase;
			buildActionMask = 2147483647;
			files = (
				FB258F051B69BDF600A75594 /* RateViewTests.m in Sources */,
			);
			runOnlyForDeploymentPostprocessing = 0;
		};
/* End PBXSourcesBuildPhase section */

/* Begin PBXTargetDependency section */
		FB258F001B69BDF600A75594 /* PBXTargetDependency */ = {
			isa = PBXTargetDependency;
			target = FB258EE41B69BDF500A75594 /* RateView */;
			targetProxy = FB258EFF1B69BDF600A75594 /* PBXContainerItemProxy */;
		};
/* End PBXTargetDependency section */

/* Begin PBXVariantGroup section */
		FB258EF21B69BDF500A75594 /* Main.storyboard */ = {
			isa = PBXVariantGroup;
			children = (
				FB258EF31B69BDF500A75594 /* Base */,
			);
			name = Main.storyboard;
			sourceTree = "<group>";
		};
		FB258EF71B69BDF500A75594 /* LaunchScreen.xib */ = {
			isa = PBXVariantGroup;
			children = (
				FB258EF81B69BDF500A75594 /* Base */,
			);
			name = LaunchScreen.xib;
			sourceTree = "<group>";
		};
/* End PBXVariantGroup section */

/* Begin XCBuildConfiguration section */
		FB258F061B69BDF600A75594 /* Debug */ = {
			isa = XCBuildConfiguration;
			buildSettings = {
				ALWAYS_SEARCH_USER_PATHS = NO;
				CLANG_CXX_LANGUAGE_STANDARD = "gnu++0x";
				CLANG_CXX_LIBRARY = "libc++";
				CLANG_ENABLE_MODULES = YES;
				CLANG_ENABLE_OBJC_ARC = YES;
				CLANG_WARN_BOOL_CONVERSION = YES;
				CLANG_WARN_CONSTANT_CONVERSION = YES;
				CLANG_WARN_DIRECT_OBJC_ISA_USAGE = YES_ERROR;
				CLANG_WARN_EMPTY_BODY = YES;
				CLANG_WARN_ENUM_CONVERSION = YES;
				CLANG_WARN_INT_CONVERSION = YES;
				CLANG_WARN_OBJC_ROOT_CLASS = YES_ERROR;
				CLANG_WARN_UNREACHABLE_CODE = YES;
				CLANG_WARN__DUPLICATE_METHOD_MATCH = YES;
				"CODE_SIGN_IDENTITY[sdk=iphoneos*]" = "iPhone Developer";
				COPY_PHASE_STRIP = NO;
				DEBUG_INFORMATION_FORMAT = "dwarf-with-dsym";
				ENABLE_STRICT_OBJC_MSGSEND = YES;
				GCC_C_LANGUAGE_STANDARD = gnu99;
				GCC_DYNAMIC_NO_PIC = NO;
				GCC_NO_COMMON_BLOCKS = YES;
				GCC_OPTIMIZATION_LEVEL = 0;
				GCC_PREPROCESSOR_DEFINITIONS = (
					"DEBUG=1",
					"$(inherited)",
				);
				GCC_SYMBOLS_PRIVATE_EXTERN = NO;
				GCC_WARN_64_TO_32_BIT_CONVERSION = YES;
				GCC_WARN_ABOUT_RETURN_TYPE = YES_ERROR;
				GCC_WARN_UNDECLARED_SELECTOR = YES;
				GCC_WARN_UNINITIALIZED_AUTOS = YES_AGGRESSIVE;
				GCC_WARN_UNUSED_FUNCTION = YES;
				GCC_WARN_UNUSED_VARIABLE = YES;
				IPHONEOS_DEPLOYMENT_TARGET = 8.4;
				MTL_ENABLE_DEBUG_INFO = YES;
				ONLY_ACTIVE_ARCH = YES;
				SDKROOT = iphoneos;
				TARGETED_DEVICE_FAMILY = "1,2";
			};
			name = Debug;
		};
		FB258F071B69BDF600A75594 /* Release */ = {
			isa = XCBuildConfiguration;
			buildSettings = {
				ALWAYS_SEARCH_USER_PATHS = NO;
				CLANG_CXX_LANGUAGE_STANDARD = "gnu++0x";
				CLANG_CXX_LIBRARY = "libc++";
				CLANG_ENABLE_MODULES = YES;
				CLANG_ENABLE_OBJC_ARC = YES;
				CLANG_WARN_BOOL_CONVERSION = YES;
				CLANG_WARN_CONSTANT_CONVERSION = YES;
				CLANG_WARN_DIRECT_OBJC_ISA_USAGE = YES_ERROR;
				CLANG_WARN_EMPTY_BODY = YES;
				CLANG_WARN_ENUM_CONVERSION = YES;
				CLANG_WARN_INT_CONVERSION = YES;
				CLANG_WARN_OBJC_ROOT_CLASS = YES_ERROR;
				CLANG_WARN_UNREACHABLE_CODE = YES;
				CLANG_WARN__DUPLICATE_METHOD_MATCH = YES;
				"CODE_SIGN_IDENTITY[sdk=iphoneos*]" = "iPhone Developer";
				COPY_PHASE_STRIP = NO;
				DEBUG_INFORMATION_FORMAT = "dwarf-with-dsym";
				ENABLE_NS_ASSERTIONS = NO;
				ENABLE_STRICT_OBJC_MSGSEND = YES;
				GCC_C_LANGUAGE_STANDARD = gnu99;
				GCC_NO_COMMON_BLOCKS = YES;
				GCC_WARN_64_TO_32_BIT_CONVERSION = YES;
				GCC_WARN_ABOUT_RETURN_TYPE = YES_ERROR;
				GCC_WARN_UNDECLARED_SELECTOR = YES;
				GCC_WARN_UNINITIALIZED_AUTOS = YES_AGGRESSIVE;
				GCC_WARN_UNUSED_FUNCTION = YES;
				GCC_WARN_UNUSED_VARIABLE = YES;
				IPHONEOS_DEPLOYMENT_TARGET = 8.4;
				MTL_ENABLE_DEBUG_INFO = NO;
				SDKROOT = iphoneos;
				TARGETED_DEVICE_FAMILY = "1,2";
				VALIDATE_PRODUCT = YES;
			};
			name = Release;
		};
		FB258F091B69BDF600A75594 /* Debug */ = {
			isa = XCBuildConfiguration;
			buildSettings = {
				ASSETCATALOG_COMPILER_APPICON_NAME = AppIcon;
				INFOPLIST_FILE = RateView/Info.plist;
				LD_RUNPATH_SEARCH_PATHS = "$(inherited) @executable_path/Frameworks";
				PRODUCT_NAME = "$(TARGET_NAME)";
			};
			name = Debug;
		};
		FB258F0A1B69BDF600A75594 /* Release */ = {
			isa = XCBuildConfiguration;
			buildSettings = {
				ASSETCATALOG_COMPILER_APPICON_NAME = AppIcon;
				INFOPLIST_FILE = RateView/Info.plist;
				LD_RUNPATH_SEARCH_PATHS = "$(inherited) @executable_path/Frameworks";
				PRODUCT_NAME = "$(TARGET_NAME)";
			};
			name = Release;
		};
		FB258F0C1B69BDF600A75594 /* Debug */ = {
			isa = XCBuildConfiguration;
			buildSettings = {
				BUNDLE_LOADER = "$(TEST_HOST)";
				FRAMEWORK_SEARCH_PATHS = (
					"$(SDKROOT)/Developer/Library/Frameworks",
					"$(inherited)",
				);
				GCC_PREPROCESSOR_DEFINITIONS = (
					"DEBUG=1",
					"$(inherited)",
				);
				INFOPLIST_FILE = RateViewTests/Info.plist;
				LD_RUNPATH_SEARCH_PATHS = "$(inherited) @executable_path/Frameworks @loader_path/Frameworks";
				PRODUCT_NAME = "$(TARGET_NAME)";
				TEST_HOST = "$(BUILT_PRODUCTS_DIR)/RateView.app/RateView";
			};
			name = Debug;
		};
		FB258F0D1B69BDF600A75594 /* Release */ = {
			isa = XCBuildConfiguration;
			buildSettings = {
				BUNDLE_LOADER = "$(TEST_HOST)";
				FRAMEWORK_SEARCH_PATHS = (
					"$(SDKROOT)/Developer/Library/Frameworks",
					"$(inherited)",
				);
				INFOPLIST_FILE = RateViewTests/Info.plist;
				LD_RUNPATH_SEARCH_PATHS = "$(inherited) @executable_path/Frameworks @loader_path/Frameworks";
				PRODUCT_NAME = "$(TARGET_NAME)";
				TEST_HOST = "$(BUILT_PRODUCTS_DIR)/RateView.app/RateView";
			};
			name = Release;
		};
/* End XCBuildConfiguration section */

/* Begin XCConfigurationList section */
		FB258EE01B69BDF500A75594 /* Build configuration list for PBXProject "RateView" */ = {
			isa = XCConfigurationList;
			buildConfigurations = (
				FB258F061B69BDF600A75594 /* Debug */,
				FB258F071B69BDF600A75594 /* Release */,
			);
			defaultConfigurationIsVisible = 0;
			defaultConfigurationName = Release;
		};
		FB258F081B69BDF600A75594 /* Build configuration list for PBXNativeTarget "RateView" */ = {
			isa = XCConfigurationList;
			buildConfigurations = (
				FB258F091B69BDF600A75594 /* Debug */,
				FB258F0A1B69BDF600A75594 /* Release */,
			);
			defaultConfigurationIsVisible = 0;
		};
		FB258F0B1B69BDF600A75594 /* Build configuration list for PBXNativeTarget "RateViewTests" */ = {
			isa = XCConfigurationList;
			buildConfigurations = (
				FB258F0C1B69BDF600A75594 /* Debug */,
				FB258F0D1B69BDF600A75594 /* Release */,
			);
			defaultConfigurationIsVisible = 0;
		};
/* End XCConfigurationList section */
	};
	rootObject = FB258EDD1B69BDF500A75594 /* Project object */;
}
